// !$*UTF8*$!
{
	archiveVersion = 1;
	classes = {
	};
	objectVersion = 50;
	objects = {

/* Begin PBXBuildFile section */
		7374AED625DA46B20045C48E /* ColorPanel.swift in Sources */ = {isa = PBXBuildFile; fileRef = 7374AED525DA46B20045C48E /* ColorPanel.swift */; };
		7374AED925DA47190045C48E /* ColorSlider.swift in Sources */ = {isa = PBXBuildFile; fileRef = 7374AED825DA47190045C48E /* ColorSlider.swift */; };
		7374AEDC25DA55A30045C48E /* TextColorSlider.swift in Sources */ = {isa = PBXBuildFile; fileRef = 7374AEDB25DA55A30045C48E /* TextColorSlider.swift */; };
		7374AEDF25DA56770045C48E /* TextFieldColorSlider.swift in Sources */ = {isa = PBXBuildFile; fileRef = 7374AEDE25DA56770045C48E /* TextFieldColorSlider.swift */; };
		73CBA8A125D97F5200906662 /* HM2_ColorPanelApp.swift in Sources */ = {isa = PBXBuildFile; fileRef = 73CBA8A025D97F5200906662 /* HM2_ColorPanelApp.swift */; };
		73CBA8A325D97F5200906662 /* ContentView.swift in Sources */ = {isa = PBXBuildFile; fileRef = 73CBA8A225D97F5200906662 /* ContentView.swift */; };
		73CBA8A525D97F5400906662 /* Assets.xcassets in Resources */ = {isa = PBXBuildFile; fileRef = 73CBA8A425D97F5400906662 /* Assets.xcassets */; };
		73CBA8A825D97F5400906662 /* Preview Assets.xcassets in Resources */ = {isa = PBXBuildFile; fileRef = 73CBA8A725D97F5400906662 /* Preview Assets.xcassets */; };
/* End PBXBuildFile section */

/* Begin PBXFileReference section */
		7374AED525DA46B20045C48E /* ColorPanel.swift */ = {isa = PBXFileReference; lastKnownFileType = sourcecode.swift; path = ColorPanel.swift; sourceTree = "<group>"; };
		7374AED825DA47190045C48E /* ColorSlider.swift */ = {isa = PBXFileReference; lastKnownFileType = sourcecode.swift; path = ColorSlider.swift; sourceTree = "<group>"; };
		7374AEDB25DA55A30045C48E /* TextColorSlider.swift */ = {isa = PBXFileReference; lastKnownFileType = sourcecode.swift; path = TextColorSlider.swift; sourceTree = "<group>"; };
		7374AEDE25DA56770045C48E /* TextFieldColorSlider.swift */ = {isa = PBXFileReference; lastKnownFileType = sourcecode.swift; path = TextFieldColorSlider.swift; sourceTree = "<group>"; };
		73CBA89D25D97F5200906662 /* HM2_ColorPanel.app */ = {isa = PBXFileReference; explicitFileType = wrapper.application; includeInIndex = 0; path = HM2_ColorPanel.app; sourceTree = BUILT_PRODUCTS_DIR; };
		73CBA8A025D97F5200906662 /* HM2_ColorPanelApp.swift */ = {isa = PBXFileReference; lastKnownFileType = sourcecode.swift; path = HM2_ColorPanelApp.swift; sourceTree = "<group>"; };
		73CBA8A225D97F5200906662 /* ContentView.swift */ = {isa = PBXFileReference; lastKnownFileType = sourcecode.swift; path = ContentView.swift; sourceTree = "<group>"; };
		73CBA8A425D97F5400906662 /* Assets.xcassets */ = {isa = PBXFileReference; lastKnownFileType = folder.assetcatalog; path = Assets.xcassets; sourceTree = "<group>"; };
		73CBA8A725D97F5400906662 /* Preview Assets.xcassets */ = {isa = PBXFileReference; lastKnownFileType = folder.assetcatalog; path = "Preview Assets.xcassets"; sourceTree = "<group>"; };
		73CBA8A925D97F5400906662 /* Info.plist */ = {isa = PBXFileReference; lastKnownFileType = text.plist.xml; path = Info.plist; sourceTree = "<group>"; };
/* End PBXFileReference section */

/* Begin PBXFrameworksBuildPhase section */
		73CBA89A25D97F5200906662 /* Frameworks */ = {
			isa = PBXFrameworksBuildPhase;
			buildActionMask = 2147483647;
			files = (
			);
			runOnlyForDeploymentPostprocessing = 0;
		};
/* End PBXFrameworksBuildPhase section */

/* Begin PBXGroup section */
		7374AEE125DA577E0045C48E /* ColorSliderComponent */ = {
			isa = PBXGroup;
			children = (
				7374AED825DA47190045C48E /* ColorSlider.swift */,
				7374AEDE25DA56770045C48E /* TextFieldColorSlider.swift */,
				7374AEDB25DA55A30045C48E /* TextColorSlider.swift */,
			);
			name = ColorSliderComponent;
			path = ..;
			sourceTree = "<group>";
		};
		7374AEE225DA57A00045C48E /* ColorPanelComponent */ = {
			isa = PBXGroup;
			children = (
				7374AED525DA46B20045C48E /* ColorPanel.swift */,
			);
			path = ColorPanelComponent;
			sourceTree = "<group>";
		};
		7374AEE425DA57B60045C48E /* Components */ = {
			isa = PBXGroup;
			children = (
				7374AEE125DA577E0045C48E /* ColorSliderComponent */,
				7374AEE225DA57A00045C48E /* ColorPanelComponent */,
			);
			path = Components;
			sourceTree = "<group>";
		};
		73CBA89425D97F5200906662 = {
			isa = PBXGroup;
			children = (
				73CBA89F25D97F5200906662 /* HM2_ColorPanel */,
				73CBA89E25D97F5200906662 /* Products */,
			);
			sourceTree = "<group>";
		};
		73CBA89E25D97F5200906662 /* Products */ = {
			isa = PBXGroup;
			children = (
				73CBA89D25D97F5200906662 /* HM2_ColorPanel.app */,
			);
			name = Products;
			sourceTree = "<group>";
		};
		73CBA89F25D97F5200906662 /* HM2_ColorPanel */ = {
			isa = PBXGroup;
			children = (
				73CBA8A025D97F5200906662 /* HM2_ColorPanelApp.swift */,
				73CBA8A225D97F5200906662 /* ContentView.swift */,
				7374AEE425DA57B60045C48E /* Components */,
				73CBA8A425D97F5400906662 /* Assets.xcassets */,
				73CBA8A925D97F5400906662 /* Info.plist */,
				73CBA8A625D97F5400906662 /* Preview Content */,
			);
			path = HM2_ColorPanel;
			sourceTree = "<group>";
		};
		73CBA8A625D97F5400906662 /* Preview Content */ = {
			isa = PBXGroup;
			children = (
				73CBA8A725D97F5400906662 /* Preview Assets.xcassets */,
			);
			path = "Preview Content";
			sourceTree = "<group>";
		};
/* End PBXGroup section */

/* Begin PBXNativeTarget section */
		73CBA89C25D97F5200906662 /* HM2_ColorPanel */ = {
			isa = PBXNativeTarget;
			buildConfigurationList = 73CBA8AC25D97F5400906662 /* Build configuration list for PBXNativeTarget "HM2_ColorPanel" */;
			buildPhases = (
				73CBA89925D97F5200906662 /* Sources */,
				73CBA89A25D97F5200906662 /* Frameworks */,
				73CBA89B25D97F5200906662 /* Resources */,
			);
			buildRules = (
			);
			dependencies = (
			);
			name = HM2_ColorPanel;
			productName = HM2_ColorPanel;
			productReference = 73CBA89D25D97F5200906662 /* HM2_ColorPanel.app */;
			productType = "com.apple.product-type.application";
		};
/* End PBXNativeTarget section */

/* Begin PBXProject section */
		73CBA89525D97F5200906662 /* Project object */ = {
			isa = PBXProject;
			attributes = {
				LastSwiftUpdateCheck = 1240;
				LastUpgradeCheck = 1240;
				TargetAttributes = {
					73CBA89C25D97F5200906662 = {
						CreatedOnToolsVersion = 12.4;
					};
				};
			};
			buildConfigurationList = 73CBA89825D97F5200906662 /* Build configuration list for PBXProject "HM2_ColorPanel" */;
			compatibilityVersion = "Xcode 9.3";
			developmentRegion = en;
			hasScannedForEncodings = 0;
			knownRegions = (
				en,
				Base,
			);
			mainGroup = 73CBA89425D97F5200906662;
			productRefGroup = 73CBA89E25D97F5200906662 /* Products */;
			projectDirPath = "";
			projectRoot = "";
			targets = (
				73CBA89C25D97F5200906662 /* HM2_ColorPanel */,
			);
		};
/* End PBXProject section */

/* Begin PBXResourcesBuildPhase section */
		73CBA89B25D97F5200906662 /* Resources */ = {
			isa = PBXResourcesBuildPhase;
			buildActionMask = 2147483647;
			files = (
				73CBA8A825D97F5400906662 /* Preview Assets.xcassets in Resources */,
				73CBA8A525D97F5400906662 /* Assets.xcassets in Resources */,
			);
			runOnlyForDeploymentPostprocessing = 0;
		};
/* End PBXResourcesBuildPhase section */

/* Begin PBXSourcesBuildPhase section */
		73CBA89925D97F5200906662 /* Sources */ = {
			isa = PBXSourcesBuildPhase;
			buildActionMask = 2147483647;
			files = (
				7374AEDC25DA55A30045C48E /* TextColorSlider.swift in Sources */,
				7374AED625DA46B20045C48E /* ColorPanel.swift in Sources */,
				7374AEDF25DA56770045C48E /* TextFieldColorSlider.swift in Sources */,
				73CBA8A325D97F5200906662 /* ContentView.swift in Sources */,
				7374AED925DA47190045C48E /* ColorSlider.swift in Sources */,
				73CBA8A125D97F5200906662 /* HM2_ColorPanelApp.swift in Sources */,
			);
			runOnlyForDeploymentPostprocessing = 0;
		};
/* End PBXSourcesBuildPhase section */

/* Begin XCBuildConfiguration section */
		73CBA8AA25D97F5400906662 /* Debug */ = {
			isa = XCBuildConfiguration;
			buildSettings = {
				ALWAYS_SEARCH_USER_PATHS = NO;
				CLANG_ANALYZER_NONNULL = YES;
				CLANG_ANALYZER_NUMBER_OBJECT_CONVERSION = YES_AGGRESSIVE;
				CLANG_CXX_LANGUAGE_STANDARD = "gnu++14";
				CLANG_CXX_LIBRARY = "libc++";
				CLANG_ENABLE_MODULES = YES;
				CLANG_ENABLE_OBJC_ARC = YES;
				CLANG_ENABLE_OBJC_WEAK = YES;
				CLANG_WARN_BLOCK_CAPTURE_AUTORELEASING = YES;
				CLANG_WARN_BOOL_CONVERSION = YES;
				CLANG_WARN_COMMA = YES;
				CLANG_WARN_CONSTANT_CONVERSION = YES;
				CLANG_WARN_DEPRECATED_OBJC_IMPLEMENTATIONS = YES;
				CLANG_WARN_DIRECT_OBJC_ISA_USAGE = YES_ERROR;
				CLANG_WARN_DOCUMENTATION_COMMENTS = YES;
				CLANG_WARN_EMPTY_BODY = YES;
				CLANG_WARN_ENUM_CONVERSION = YES;
				CLANG_WARN_INFINITE_RECURSION = YES;
				CLANG_WARN_INT_CONVERSION = YES;
				CLANG_WARN_NON_LITERAL_NULL_CONVERSION = YES;
				CLANG_WARN_OBJC_IMPLICIT_RETAIN_SELF = YES;
				CLANG_WARN_OBJC_LITERAL_CONVERSION = YES;
				CLANG_WARN_OBJC_ROOT_CLASS = YES_ERROR;
				CLANG_WARN_QUOTED_INCLUDE_IN_FRAMEWORK_HEADER = YES;
				CLANG_WARN_RANGE_LOOP_ANALYSIS = YES;
				CLANG_WARN_STRICT_PROTOTYPES = YES;
				CLANG_WARN_SUSPICIOUS_MOVE = YES;
				CLANG_WARN_UNGUARDED_AVAILABILITY = YES_AGGRESSIVE;
				CLANG_WARN_UNREACHABLE_CODE = YES;
				CLANG_WARN__DUPLICATE_METHOD_MATCH = YES;
				COPY_PHASE_STRIP = NO;
				DEBUG_INFORMATION_FORMAT = dwarf;
				ENABLE_STRICT_OBJC_MSGSEND = YES;
				ENABLE_TESTABILITY = YES;
				GCC_C_LANGUAGE_STANDARD = gnu11;
				GCC_DYNAMIC_NO_PIC = NO;
				GCC_NO_COMMON_BLOCKS = YES;
				GCC_OPTIMIZATION_LEVEL = 0;
				GCC_PREPROCESSOR_DEFINITIONS = (
					"DEBUG=1",
					"$(inherited)",
				);
				GCC_WARN_64_TO_32_BIT_CONVERSION = YES;
				GCC_WARN_ABOUT_RETURN_TYPE = YES_ERROR;
				GCC_WARN_UNDECLARED_SELECTOR = YES;
				GCC_WARN_UNINITIALIZED_AUTOS = YES_AGGRESSIVE;
				GCC_WARN_UNUSED_FUNCTION = YES;
				GCC_WARN_UNUSED_VARIABLE = YES;
				IPHONEOS_DEPLOYMENT_TARGET = 14.4;
				MTL_ENABLE_DEBUG_INFO = INCLUDE_SOURCE;
				MTL_FAST_MATH = YES;
				ONLY_ACTIVE_ARCH = YES;
				SDKROOT = iphoneos;
				SWIFT_ACTIVE_COMPILATION_CONDITIONS = DEBUG;
				SWIFT_OPTIMIZATION_LEVEL = "-Onone";
			};
			name = Debug;
		};
		73CBA8AB25D97F5400906662 /* Release */ = {
			isa = XCBuildConfiguration;
			buildSettings = {
				ALWAYS_SEARCH_USER_PATHS = NO;
				CLANG_ANALYZER_NONNULL = YES;
				CLANG_ANALYZER_NUMBER_OBJECT_CONVERSION = YES_AGGRESSIVE;
				CLANG_CXX_LANGUAGE_STANDARD = "gnu++14";
				CLANG_CXX_LIBRARY = "libc++";
				CLANG_ENABLE_MODULES = YES;
				CLANG_ENABLE_OBJC_ARC = YES;
				CLANG_ENABLE_OBJC_WEAK = YES;
				CLANG_WARN_BLOCK_CAPTURE_AUTORELEASING = YES;
				CLANG_WARN_BOOL_CONVERSION = YES;
				CLANG_WARN_COMMA = YES;
				CLANG_WARN_CONSTANT_CONVERSION = YES;
				CLANG_WARN_DEPRECATED_OBJC_IMPLEMENTATIONS = YES;
				CLANG_WARN_DIRECT_OBJC_ISA_USAGE = YES_ERROR;
				CLANG_WARN_DOCUMENTATION_COMMENTS = YES;
				CLANG_WARN_EMPTY_BODY = YES;
				CLANG_WARN_ENUM_CONVERSION = YES;
				CLANG_WARN_INFINITE_RECURSION = YES;
				CLANG_WARN_INT_CONVERSION = YES;
				CLANG_WARN_NON_LITERAL_NULL_CONVERSION = YES;
				CLANG_WARN_OBJC_IMPLICIT_RETAIN_SELF = YES;
				CLANG_WARN_OBJC_LITERAL_CONVERSION = YES;
				CLANG_WARN_OBJC_ROOT_CLASS = YES_ERROR;
				CLANG_WARN_QUOTED_INCLUDE_IN_FRAMEWORK_HEADER = YES;
				CLANG_WARN_RANGE_LOOP_ANALYSIS = YES;
				CLANG_WARN_STRICT_PROTOTYPES = YES;
				CLANG_WARN_SUSPICIOUS_MOVE = YES;
				CLANG_WARN_UNGUARDED_AVAILABILITY = YES_AGGRESSIVE;
				CLANG_WARN_UNREACHABLE_CODE = YES;
				CLANG_WARN__DUPLICATE_METHOD_MATCH = YES;
				COPY_PHASE_STRIP = NO;
				DEBUG_INFORMATION_FORMAT = "dwarf-with-dsym";
				ENABLE_NS_ASSERTIONS = NO;
				ENABLE_STRICT_OBJC_MSGSEND = YES;
				GCC_C_LANGUAGE_STANDARD = gnu11;
				GCC_NO_COMMON_BLOCKS = YES;
				GCC_WARN_64_TO_32_BIT_CONVERSION = YES;
				GCC_WARN_ABOUT_RETURN_TYPE = YES_ERROR;
				GCC_WARN_UNDECLARED_SELECTOR = YES;
				GCC_WARN_UNINITIALIZED_AUTOS = YES_AGGRESSIVE;
				GCC_WARN_UNUSED_FUNCTION = YES;
				GCC_WARN_UNUSED_VARIABLE = YES;
				IPHONEOS_DEPLOYMENT_TARGET = 14.4;
				MTL_ENABLE_DEBUG_INFO = NO;
				MTL_FAST_MATH = YES;
				SDKROOT = iphoneos;
				SWIFT_COMPILATION_MODE = wholemodule;
				SWIFT_OPTIMIZATION_LEVEL = "-O";
				VALIDATE_PRODUCT = YES;
			};
			name = Release;
		};
		73CBA8AD25D97F5400906662 /* Debug */ = {
			isa = XCBuildConfiguration;
			buildSettings = {
				ASSETCATALOG_COMPILER_APPICON_NAME = AppIcon;
				ASSETCATALOG_COMPILER_GLOBAL_ACCENT_COLOR_NAME = AccentColor;
				CODE_SIGN_STYLE = Automatic;
				DEVELOPMENT_ASSET_PATHS = "\"HM2_ColorPanel/Preview Content\"";
				DEVELOPMENT_TEAM = B2QTMYC792;
				ENABLE_PREVIEWS = YES;
				INFOPLIST_FILE = HM2_ColorPanel/Info.plist;
				IPHONEOS_DEPLOYMENT_TARGET = 14.0;
				LD_RUNPATH_SEARCH_PATHS = (
					"$(inherited)",
					"@executable_path/Frameworks",
				);
				PRODUCT_BUNDLE_IDENTIFIER = "redbull76.HM2-ColorPanel";
				PRODUCT_NAME = "$(TARGET_NAME)";
				SWIFT_VERSION = 5.0;
				TARGETED_DEVICE_FAMILY = "1,2";
			};
			name = Debug;
		};
		73CBA8AE25D97F5400906662 /* Release */ = {
			isa = XCBuildConfiguration;
			buildSettings = {
				ASSETCATALOG_COMPILER_APPICON_NAME = AppIcon;
				ASSETCATALOG_COMPILER_GLOBAL_ACCENT_COLOR_NAME = AccentColor;
				CODE_SIGN_STYLE = Automatic;
				DEVELOPMENT_ASSET_PATHS = "\"HM2_ColorPanel/Preview Content\"";
				DEVELOPMENT_TEAM = B2QTMYC792;
				ENABLE_PREVIEWS = YES;
				INFOPLIST_FILE = HM2_ColorPanel/Info.plist;
				IPHONEOS_DEPLOYMENT_TARGET = 14.0;
				LD_RUNPATH_SEARCH_PATHS = (
					"$(inherited)",
					"@executable_path/Frameworks",
				);
				PRODUCT_BUNDLE_IDENTIFIER = "redbull76.HM2-ColorPanel";
				PRODUCT_NAME = "$(TARGET_NAME)";
				SWIFT_VERSION = 5.0;
				TARGETED_DEVICE_FAMILY = "1,2";
			};
			name = Release;
		};
/* End XCBuildConfiguration section */

/* Begin XCConfigurationList section */
		73CBA89825D97F5200906662 /* Build configuration list for PBXProject "HM2_ColorPanel" */ = {
			isa = XCConfigurationList;
			buildConfigurations = (
				73CBA8AA25D97F5400906662 /* Debug */,
				73CBA8AB25D97F5400906662 /* Release */,
			);
			defaultConfigurationIsVisible = 0;
			defaultConfigurationName = Release;
		};
		73CBA8AC25D97F5400906662 /* Build configuration list for PBXNativeTarget "HM2_ColorPanel" */ = {
			isa = XCConfigurationList;
			buildConfigurations = (
				73CBA8AD25D97F5400906662 /* Debug */,
				73CBA8AE25D97F5400906662 /* Release */,
			);
			defaultConfigurationIsVisible = 0;
			defaultConfigurationName = Release;
		};
/* End XCConfigurationList section */
	};
	rootObject = 73CBA89525D97F5200906662 /* Project object */;
}
