// !$*UTF8*$!
{
	archiveVersion = 1;
	classes = {
	};
	objectVersion = 50;
	objects = {

/* Begin PBXBuildFile section */
		7307B10B25DAC32B00D6815E /* HM3_TimerApp.swift in Sources */ = {isa = PBXBuildFile; fileRef = 7307B10A25DAC32B00D6815E /* HM3_TimerApp.swift */; };
		7307B10D25DAC32B00D6815E /* ContentView.swift in Sources */ = {isa = PBXBuildFile; fileRef = 7307B10C25DAC32B00D6815E /* ContentView.swift */; };
		7307B10F25DAC32C00D6815E /* Assets.xcassets in Resources */ = {isa = PBXBuildFile; fileRef = 7307B10E25DAC32C00D6815E /* Assets.xcassets */; };
		7307B11225DAC32C00D6815E /* Preview Assets.xcassets in Resources */ = {isa = PBXBuildFile; fileRef = 7307B11125DAC32C00D6815E /* Preview Assets.xcassets */; };
		7307B11C25DAC37700D6815E /* AuthView.swift in Sources */ = {isa = PBXBuildFile; fileRef = 7307B11B25DAC37700D6815E /* AuthView.swift */; };
		7307B11F25DAC39300D6815E /* TimerView.swift in Sources */ = {isa = PBXBuildFile; fileRef = 7307B11E25DAC39300D6815E /* TimerView.swift */; };
		7365503025DBD87B004643C5 /* ButtonLogout.swift in Sources */ = {isa = PBXBuildFile; fileRef = 7365502F25DBD87B004643C5 /* ButtonLogout.swift */; };
		7365503525DBD9B5004643C5 /* ButtonTimer.swift in Sources */ = {isa = PBXBuildFile; fileRef = 7365503425DBD9B5004643C5 /* ButtonTimer.swift */; };
		7365503825DBDA8C004643C5 /* TextCounterTimer.swift in Sources */ = {isa = PBXBuildFile; fileRef = 7365503725DBDA8C004643C5 /* TextCounterTimer.swift */; };
		7365503B25DBDB3C004643C5 /* TextWelcome.swift in Sources */ = {isa = PBXBuildFile; fileRef = 7365503A25DBDB3C004643C5 /* TextWelcome.swift */; };
		7365503E25DBE37A004643C5 /* ButtonLogin.swift in Sources */ = {isa = PBXBuildFile; fileRef = 7365503D25DBE37A004643C5 /* ButtonLogin.swift */; };
		7365504125DBE740004643C5 /* CounterValidation.swift in Sources */ = {isa = PBXBuildFile; fileRef = 7365504025DBE740004643C5 /* CounterValidation.swift */; };
		7365504425DBE87D004643C5 /* TextFieldName.swift in Sources */ = {isa = PBXBuildFile; fileRef = 7365504325DBE87D004643C5 /* TextFieldName.swift */; };
		738D74D425DAC83600992DDC /* UserManager.swift in Sources */ = {isa = PBXBuildFile; fileRef = 738D74D325DAC83600992DDC /* UserManager.swift */; };
		738D74D725DAC8B500992DDC /* TimerCounter.swift in Sources */ = {isa = PBXBuildFile; fileRef = 738D74D625DAC8B500992DDC /* TimerCounter.swift */; };
		738D74E525DB04FE00992DDC /* StorageManager.swift in Sources */ = {isa = PBXBuildFile; fileRef = 738D74E425DB04FE00992DDC /* StorageManager.swift */; };
/* End PBXBuildFile section */

/* Begin PBXFileReference section */
		7307B10725DAC32B00D6815E /* HM3_Timer.app */ = {isa = PBXFileReference; explicitFileType = wrapper.application; includeInIndex = 0; path = HM3_Timer.app; sourceTree = BUILT_PRODUCTS_DIR; };
		7307B10A25DAC32B00D6815E /* HM3_TimerApp.swift */ = {isa = PBXFileReference; lastKnownFileType = sourcecode.swift; path = HM3_TimerApp.swift; sourceTree = "<group>"; };
		7307B10C25DAC32B00D6815E /* ContentView.swift */ = {isa = PBXFileReference; lastKnownFileType = sourcecode.swift; path = ContentView.swift; sourceTree = "<group>"; };
		7307B10E25DAC32C00D6815E /* Assets.xcassets */ = {isa = PBXFileReference; lastKnownFileType = folder.assetcatalog; path = Assets.xcassets; sourceTree = "<group>"; };
		7307B11125DAC32C00D6815E /* Preview Assets.xcassets */ = {isa = PBXFileReference; lastKnownFileType = folder.assetcatalog; path = "Preview Assets.xcassets"; sourceTree = "<group>"; };
		7307B11325DAC32C00D6815E /* Info.plist */ = {isa = PBXFileReference; lastKnownFileType = text.plist.xml; path = Info.plist; sourceTree = "<group>"; };
		7307B11B25DAC37700D6815E /* AuthView.swift */ = {isa = PBXFileReference; lastKnownFileType = sourcecode.swift; path = AuthView.swift; sourceTree = "<group>"; };
		7307B11E25DAC39300D6815E /* TimerView.swift */ = {isa = PBXFileReference; lastKnownFileType = sourcecode.swift; path = TimerView.swift; sourceTree = "<group>"; };
		7365502F25DBD87B004643C5 /* ButtonLogout.swift */ = {isa = PBXFileReference; lastKnownFileType = sourcecode.swift; path = ButtonLogout.swift; sourceTree = "<group>"; };
		7365503425DBD9B5004643C5 /* ButtonTimer.swift */ = {isa = PBXFileReference; lastKnownFileType = sourcecode.swift; path = ButtonTimer.swift; sourceTree = "<group>"; };
		7365503725DBDA8C004643C5 /* TextCounterTimer.swift */ = {isa = PBXFileReference; lastKnownFileType = sourcecode.swift; path = TextCounterTimer.swift; sourceTree = "<group>"; };
		7365503A25DBDB3C004643C5 /* TextWelcome.swift */ = {isa = PBXFileReference; lastKnownFileType = sourcecode.swift; path = TextWelcome.swift; sourceTree = "<group>"; };
		7365503D25DBE37A004643C5 /* ButtonLogin.swift */ = {isa = PBXFileReference; lastKnownFileType = sourcecode.swift; path = ButtonLogin.swift; sourceTree = "<group>"; };
		7365504025DBE740004643C5 /* CounterValidation.swift */ = {isa = PBXFileReference; lastKnownFileType = sourcecode.swift; path = CounterValidation.swift; sourceTree = "<group>"; };
		7365504325DBE87D004643C5 /* TextFieldName.swift */ = {isa = PBXFileReference; lastKnownFileType = sourcecode.swift; path = TextFieldName.swift; sourceTree = "<group>"; };
		738D74D325DAC83600992DDC /* UserManager.swift */ = {isa = PBXFileReference; lastKnownFileType = sourcecode.swift; path = UserManager.swift; sourceTree = "<group>"; };
		738D74D625DAC8B500992DDC /* TimerCounter.swift */ = {isa = PBXFileReference; lastKnownFileType = sourcecode.swift; path = TimerCounter.swift; sourceTree = "<group>"; };
		738D74E425DB04FE00992DDC /* StorageManager.swift */ = {isa = PBXFileReference; lastKnownFileType = sourcecode.swift; path = StorageManager.swift; sourceTree = "<group>"; };
/* End PBXFileReference section */

/* Begin PBXFrameworksBuildPhase section */
		7307B10425DAC32B00D6815E /* Frameworks */ = {
			isa = PBXFrameworksBuildPhase;
			buildActionMask = 2147483647;
			files = (
			);
			runOnlyForDeploymentPostprocessing = 0;
		};
/* End PBXFrameworksBuildPhase section */

/* Begin PBXGroup section */
		730397FE25FF8B6B00755747 /* Services */ = {
			isa = PBXGroup;
			children = (
				738D74E425DB04FE00992DDC /* StorageManager.swift */,
			);
			path = Services;
			sourceTree = "<group>";
		};
		7307B0FE25DAC32B00D6815E = {
			isa = PBXGroup;
			children = (
				7307B10925DAC32B00D6815E /* HM3_Timer */,
				7307B10825DAC32B00D6815E /* Products */,
			);
			sourceTree = "<group>";
		};
		7307B10825DAC32B00D6815E /* Products */ = {
			isa = PBXGroup;
			children = (
				7307B10725DAC32B00D6815E /* HM3_Timer.app */,
			);
			name = Products;
			sourceTree = "<group>";
		};
		7307B10925DAC32B00D6815E /* HM3_Timer */ = {
			isa = PBXGroup;
			children = (
				7307B10A25DAC32B00D6815E /* HM3_TimerApp.swift */,
				7307B10C25DAC32B00D6815E /* ContentView.swift */,
				730397FE25FF8B6B00755747 /* Services */,
				7365503225DBD8D2004643C5 /* Components */,
				738D74D925DAC8DA00992DDC /* Views */,
				738D74DC25DAC8F100992DDC /* Objects */,
				7307B10E25DAC32C00D6815E /* Assets.xcassets */,
				7307B11325DAC32C00D6815E /* Info.plist */,
				7307B11025DAC32C00D6815E /* Preview Content */,
			);
			path = HM3_Timer;
			sourceTree = "<group>";
		};
		7307B11025DAC32C00D6815E /* Preview Content */ = {
			isa = PBXGroup;
			children = (
				7307B11125DAC32C00D6815E /* Preview Assets.xcassets */,
			);
			path = "Preview Content";
			sourceTree = "<group>";
		};
		7365503225DBD8D2004643C5 /* Components */ = {
			isa = PBXGroup;
			children = (
				7365504725DBE96C004643C5 /* TextFields */,
				7365504625DBE95C004643C5 /* Buttons */,
				7365504A25DBE98B004643C5 /* Texts */,
			);
			path = Components;
			sourceTree = "<group>";
		};
		7365504625DBE95C004643C5 /* Buttons */ = {
			isa = PBXGroup;
			children = (
				7365502F25DBD87B004643C5 /* ButtonLogout.swift */,
				7365503425DBD9B5004643C5 /* ButtonTimer.swift */,
				7365503D25DBE37A004643C5 /* ButtonLogin.swift */,
			);
			path = Buttons;
			sourceTree = "<group>";
		};
		7365504725DBE96C004643C5 /* TextFields */ = {
			isa = PBXGroup;
			children = (
				7365504325DBE87D004643C5 /* TextFieldName.swift */,
			);
			path = TextFields;
			sourceTree = "<group>";
		};
		7365504A25DBE98B004643C5 /* Texts */ = {
			isa = PBXGroup;
			children = (
				7365503725DBDA8C004643C5 /* TextCounterTimer.swift */,
				7365503A25DBDB3C004643C5 /* TextWelcome.swift */,
				7365504025DBE740004643C5 /* CounterValidation.swift */,
			);
			path = Texts;
			sourceTree = "<group>";
		};
		738D74D925DAC8DA00992DDC /* Views */ = {
			isa = PBXGroup;
			children = (
				7307B11B25DAC37700D6815E /* AuthView.swift */,
				7307B11E25DAC39300D6815E /* TimerView.swift */,
			);
			path = Views;
			sourceTree = "<group>";
		};
		738D74DC25DAC8F100992DDC /* Objects */ = {
			isa = PBXGroup;
			children = (
				738D74D325DAC83600992DDC /* UserManager.swift */,
				738D74D625DAC8B500992DDC /* TimerCounter.swift */,
			);
			path = Objects;
			sourceTree = "<group>";
		};
/* End PBXGroup section */

/* Begin PBXNativeTarget section */
		7307B10625DAC32B00D6815E /* HM3_Timer */ = {
			isa = PBXNativeTarget;
			buildConfigurationList = 7307B11625DAC32C00D6815E /* Build configuration list for PBXNativeTarget "HM3_Timer" */;
			buildPhases = (
				7307B10325DAC32B00D6815E /* Sources */,
				7307B10425DAC32B00D6815E /* Frameworks */,
				7307B10525DAC32B00D6815E /* Resources */,
			);
			buildRules = (
			);
			dependencies = (
			);
			name = HM3_Timer;
			productName = HM3_Timer;
			productReference = 7307B10725DAC32B00D6815E /* HM3_Timer.app */;
			productType = "com.apple.product-type.application";
		};
/* End PBXNativeTarget section */

/* Begin PBXProject section */
		7307B0FF25DAC32B00D6815E /* Project object */ = {
			isa = PBXProject;
			attributes = {
				LastSwiftUpdateCheck = 1240;
				LastUpgradeCheck = 1240;
				TargetAttributes = {
					7307B10625DAC32B00D6815E = {
						CreatedOnToolsVersion = 12.4;
					};
				};
			};
			buildConfigurationList = 7307B10225DAC32B00D6815E /* Build configuration list for PBXProject "HM3_Timer" */;
			compatibilityVersion = "Xcode 9.3";
			developmentRegion = en;
			hasScannedForEncodings = 0;
			knownRegions = (
				en,
				Base,
			);
			mainGroup = 7307B0FE25DAC32B00D6815E;
			productRefGroup = 7307B10825DAC32B00D6815E /* Products */;
			projectDirPath = "";
			projectRoot = "";
			targets = (
				7307B10625DAC32B00D6815E /* HM3_Timer */,
			);
		};
/* End PBXProject section */

/* Begin PBXResourcesBuildPhase section */
		7307B10525DAC32B00D6815E /* Resources */ = {
			isa = PBXResourcesBuildPhase;
			buildActionMask = 2147483647;
			files = (
				7307B11225DAC32C00D6815E /* Preview Assets.xcassets in Resources */,
				7307B10F25DAC32C00D6815E /* Assets.xcassets in Resources */,
			);
			runOnlyForDeploymentPostprocessing = 0;
		};
/* End PBXResourcesBuildPhase section */

/* Begin PBXSourcesBuildPhase section */
		7307B10325DAC32B00D6815E /* Sources */ = {
			isa = PBXSourcesBuildPhase;
			buildActionMask = 2147483647;
			files = (
				7365504425DBE87D004643C5 /* TextFieldName.swift in Sources */,
				7307B10D25DAC32B00D6815E /* ContentView.swift in Sources */,
				7365503E25DBE37A004643C5 /* ButtonLogin.swift in Sources */,
				7307B10B25DAC32B00D6815E /* HM3_TimerApp.swift in Sources */,
				7365503525DBD9B5004643C5 /* ButtonTimer.swift in Sources */,
				7365503825DBDA8C004643C5 /* TextCounterTimer.swift in Sources */,
				7307B11F25DAC39300D6815E /* TimerView.swift in Sources */,
				7365503025DBD87B004643C5 /* ButtonLogout.swift in Sources */,
				738D74E525DB04FE00992DDC /* StorageManager.swift in Sources */,
				7365504125DBE740004643C5 /* CounterValidation.swift in Sources */,
				738D74D425DAC83600992DDC /* UserManager.swift in Sources */,
				738D74D725DAC8B500992DDC /* TimerCounter.swift in Sources */,
				7307B11C25DAC37700D6815E /* AuthView.swift in Sources */,
				7365503B25DBDB3C004643C5 /* TextWelcome.swift in Sources */,
			);
			runOnlyForDeploymentPostprocessing = 0;
		};
/* End PBXSourcesBuildPhase section */

/* Begin XCBuildConfiguration section */
		7307B11425DAC32C00D6815E /* Debug */ = {
			isa = XCBuildConfiguration;
			buildSettings = {
				ALWAYS_SEARCH_USER_PATHS = NO;
				CLANG_ANALYZER_NONNULL = YES;
				CLANG_ANALYZER_NUMBER_OBJECT_CONVERSION = YES_AGGRESSIVE;
				CLANG_CXX_LANGUAGE_STANDARD = "gnu++14";
				CLANG_CXX_LIBRARY = "libc++";
				CLANG_ENABLE_MODULES = YES;
				CLANG_ENABLE_OBJC_ARC = YES;
				CLANG_ENABLE_OBJC_WEAK = YES;
				CLANG_WARN_BLOCK_CAPTURE_AUTORELEASING = YES;
				CLANG_WARN_BOOL_CONVERSION = YES;
				CLANG_WARN_COMMA = YES;
				CLANG_WARN_CONSTANT_CONVERSION = YES;
				CLANG_WARN_DEPRECATED_OBJC_IMPLEMENTATIONS = YES;
				CLANG_WARN_DIRECT_OBJC_ISA_USAGE = YES_ERROR;
				CLANG_WARN_DOCUMENTATION_COMMENTS = YES;
				CLANG_WARN_EMPTY_BODY = YES;
				CLANG_WARN_ENUM_CONVERSION = YES;
				CLANG_WARN_INFINITE_RECURSION = YES;
				CLANG_WARN_INT_CONVERSION = YES;
				CLANG_WARN_NON_LITERAL_NULL_CONVERSION = YES;
				CLANG_WARN_OBJC_IMPLICIT_RETAIN_SELF = YES;
				CLANG_WARN_OBJC_LITERAL_CONVERSION = YES;
				CLANG_WARN_OBJC_ROOT_CLASS = YES_ERROR;
				CLANG_WARN_QUOTED_INCLUDE_IN_FRAMEWORK_HEADER = YES;
				CLANG_WARN_RANGE_LOOP_ANALYSIS = YES;
				CLANG_WARN_STRICT_PROTOTYPES = YES;
				CLANG_WARN_SUSPICIOUS_MOVE = YES;
				CLANG_WARN_UNGUARDED_AVAILABILITY = YES_AGGRESSIVE;
				CLANG_WARN_UNREACHABLE_CODE = YES;
				CLANG_WARN__DUPLICATE_METHOD_MATCH = YES;
				COPY_PHASE_STRIP = NO;
				DEBUG_INFORMATION_FORMAT = dwarf;
				ENABLE_STRICT_OBJC_MSGSEND = YES;
				ENABLE_TESTABILITY = YES;
				GCC_C_LANGUAGE_STANDARD = gnu11;
				GCC_DYNAMIC_NO_PIC = NO;
				GCC_NO_COMMON_BLOCKS = YES;
				GCC_OPTIMIZATION_LEVEL = 0;
				GCC_PREPROCESSOR_DEFINITIONS = (
					"DEBUG=1",
					"$(inherited)",
				);
				GCC_WARN_64_TO_32_BIT_CONVERSION = YES;
				GCC_WARN_ABOUT_RETURN_TYPE = YES_ERROR;
				GCC_WARN_UNDECLARED_SELECTOR = YES;
				GCC_WARN_UNINITIALIZED_AUTOS = YES_AGGRESSIVE;
				GCC_WARN_UNUSED_FUNCTION = YES;
				GCC_WARN_UNUSED_VARIABLE = YES;
				IPHONEOS_DEPLOYMENT_TARGET = 14.4;
				MTL_ENABLE_DEBUG_INFO = INCLUDE_SOURCE;
				MTL_FAST_MATH = YES;
				ONLY_ACTIVE_ARCH = YES;
				SDKROOT = iphoneos;
				SWIFT_ACTIVE_COMPILATION_CONDITIONS = DEBUG;
				SWIFT_OPTIMIZATION_LEVEL = "-Onone";
			};
			name = Debug;
		};
		7307B11525DAC32C00D6815E /* Release */ = {
			isa = XCBuildConfiguration;
			buildSettings = {
				ALWAYS_SEARCH_USER_PATHS = NO;
				CLANG_ANALYZER_NONNULL = YES;
				CLANG_ANALYZER_NUMBER_OBJECT_CONVERSION = YES_AGGRESSIVE;
				CLANG_CXX_LANGUAGE_STANDARD = "gnu++14";
				CLANG_CXX_LIBRARY = "libc++";
				CLANG_ENABLE_MODULES = YES;
				CLANG_ENABLE_OBJC_ARC = YES;
				CLANG_ENABLE_OBJC_WEAK = YES;
				CLANG_WARN_BLOCK_CAPTURE_AUTORELEASING = YES;
				CLANG_WARN_BOOL_CONVERSION = YES;
				CLANG_WARN_COMMA = YES;
				CLANG_WARN_CONSTANT_CONVERSION = YES;
				CLANG_WARN_DEPRECATED_OBJC_IMPLEMENTATIONS = YES;
				CLANG_WARN_DIRECT_OBJC_ISA_USAGE = YES_ERROR;
				CLANG_WARN_DOCUMENTATION_COMMENTS = YES;
				CLANG_WARN_EMPTY_BODY = YES;
				CLANG_WARN_ENUM_CONVERSION = YES;
				CLANG_WARN_INFINITE_RECURSION = YES;
				CLANG_WARN_INT_CONVERSION = YES;
				CLANG_WARN_NON_LITERAL_NULL_CONVERSION = YES;
				CLANG_WARN_OBJC_IMPLICIT_RETAIN_SELF = YES;
				CLANG_WARN_OBJC_LITERAL_CONVERSION = YES;
				CLANG_WARN_OBJC_ROOT_CLASS = YES_ERROR;
				CLANG_WARN_QUOTED_INCLUDE_IN_FRAMEWORK_HEADER = YES;
				CLANG_WARN_RANGE_LOOP_ANALYSIS = YES;
				CLANG_WARN_STRICT_PROTOTYPES = YES;
				CLANG_WARN_SUSPICIOUS_MOVE = YES;
				CLANG_WARN_UNGUARDED_AVAILABILITY = YES_AGGRESSIVE;
				CLANG_WARN_UNREACHABLE_CODE = YES;
				CLANG_WARN__DUPLICATE_METHOD_MATCH = YES;
				COPY_PHASE_STRIP = NO;
				DEBUG_INFORMATION_FORMAT = "dwarf-with-dsym";
				ENABLE_NS_ASSERTIONS = NO;
				ENABLE_STRICT_OBJC_MSGSEND = YES;
				GCC_C_LANGUAGE_STANDARD = gnu11;
				GCC_NO_COMMON_BLOCKS = YES;
				GCC_WARN_64_TO_32_BIT_CONVERSION = YES;
				GCC_WARN_ABOUT_RETURN_TYPE = YES_ERROR;
				GCC_WARN_UNDECLARED_SELECTOR = YES;
				GCC_WARN_UNINITIALIZED_AUTOS = YES_AGGRESSIVE;
				GCC_WARN_UNUSED_FUNCTION = YES;
				GCC_WARN_UNUSED_VARIABLE = YES;
				IPHONEOS_DEPLOYMENT_TARGET = 14.4;
				MTL_ENABLE_DEBUG_INFO = NO;
				MTL_FAST_MATH = YES;
				SDKROOT = iphoneos;
				SWIFT_COMPILATION_MODE = wholemodule;
				SWIFT_OPTIMIZATION_LEVEL = "-O";
				VALIDATE_PRODUCT = YES;
			};
			name = Release;
		};
		7307B11725DAC32C00D6815E /* Debug */ = {
			isa = XCBuildConfiguration;
			buildSettings = {
				ASSETCATALOG_COMPILER_APPICON_NAME = AppIcon;
				ASSETCATALOG_COMPILER_GLOBAL_ACCENT_COLOR_NAME = AccentColor;
				CODE_SIGN_STYLE = Automatic;
				DEVELOPMENT_ASSET_PATHS = "\"HM3_Timer/Preview Content\"";
				DEVELOPMENT_TEAM = B2QTMYC792;
				ENABLE_PREVIEWS = YES;
				INFOPLIST_FILE = HM3_Timer/Info.plist;
				IPHONEOS_DEPLOYMENT_TARGET = 14.0;
				LD_RUNPATH_SEARCH_PATHS = (
					"$(inherited)",
					"@executable_path/Frameworks",
				);
				PRODUCT_BUNDLE_IDENTIFIER = "redbull76.HM3-Timer";
				PRODUCT_NAME = "$(TARGET_NAME)";
				SWIFT_VERSION = 5.0;
				TARGETED_DEVICE_FAMILY = 1;
			};
			name = Debug;
		};
		7307B11825DAC32C00D6815E /* Release */ = {
			isa = XCBuildConfiguration;
			buildSettings = {
				ASSETCATALOG_COMPILER_APPICON_NAME = AppIcon;
				ASSETCATALOG_COMPILER_GLOBAL_ACCENT_COLOR_NAME = AccentColor;
				CODE_SIGN_STYLE = Automatic;
				DEVELOPMENT_ASSET_PATHS = "\"HM3_Timer/Preview Content\"";
				DEVELOPMENT_TEAM = B2QTMYC792;
				ENABLE_PREVIEWS = YES;
				INFOPLIST_FILE = HM3_Timer/Info.plist;
				IPHONEOS_DEPLOYMENT_TARGET = 14.0;
				LD_RUNPATH_SEARCH_PATHS = (
					"$(inherited)",
					"@executable_path/Frameworks",
				);
				PRODUCT_BUNDLE_IDENTIFIER = "redbull76.HM3-Timer";
				PRODUCT_NAME = "$(TARGET_NAME)";
				SWIFT_VERSION = 5.0;
				TARGETED_DEVICE_FAMILY = 1;
			};
			name = Release;
		};
/* End XCBuildConfiguration section */

/* Begin XCConfigurationList section */
		7307B10225DAC32B00D6815E /* Build configuration list for PBXProject "HM3_Timer" */ = {
			isa = XCConfigurationList;
			buildConfigurations = (
				7307B11425DAC32C00D6815E /* Debug */,
				7307B11525DAC32C00D6815E /* Release */,
			);
			defaultConfigurationIsVisible = 0;
			defaultConfigurationName = Release;
		};
		7307B11625DAC32C00D6815E /* Build configuration list for PBXNativeTarget "HM3_Timer" */ = {
			isa = XCConfigurationList;
			buildConfigurations = (
				7307B11725DAC32C00D6815E /* Debug */,
				7307B11825DAC32C00D6815E /* Release */,
			);
			defaultConfigurationIsVisible = 0;
			defaultConfigurationName = Release;
		};
/* End XCConfigurationList section */
	};
	rootObject = 7307B0FF25DAC32B00D6815E /* Project object */;
}
