// !$*UTF8*$!
{
	archiveVersion = 1;
	classes = {
	};
	objectVersion = 51;
	objects = {

/* Begin PBXBuildFile section */
		7385F60E25CEDAA0006637D7 /* TasksTableViewController.swift in Sources */ = {isa = PBXBuildFile; fileRef = 7385F60D25CEDAA0006637D7 /* TasksTableViewController.swift */; };
		7385F61225CEDDFA006637D7 /* Task.swift in Sources */ = {isa = PBXBuildFile; fileRef = 7385F61125CEDDFA006637D7 /* Task.swift */; };
		7385F61825CEE38B006637D7 /* StorageDBManager.swift in Sources */ = {isa = PBXBuildFile; fileRef = 7385F61725CEE38B006637D7 /* StorageDBManager.swift */; };
		7385F61C25CEEF25006637D7 /* SubtasksTableViewController.swift in Sources */ = {isa = PBXBuildFile; fileRef = 7385F61B25CEEF25006637D7 /* SubtasksTableViewController.swift */; };
		738F5A0225CED55A00E69A80 /* AppDelegate.swift in Sources */ = {isa = PBXBuildFile; fileRef = 738F5A0125CED55A00E69A80 /* AppDelegate.swift */; };
		738F5A0425CED55A00E69A80 /* SceneDelegate.swift in Sources */ = {isa = PBXBuildFile; fileRef = 738F5A0325CED55A00E69A80 /* SceneDelegate.swift */; };
		738F5A0925CED55A00E69A80 /* Main.storyboard in Resources */ = {isa = PBXBuildFile; fileRef = 738F5A0725CED55A00E69A80 /* Main.storyboard */; };
		738F5A0B25CED55B00E69A80 /* Assets.xcassets in Resources */ = {isa = PBXBuildFile; fileRef = 738F5A0A25CED55B00E69A80 /* Assets.xcassets */; };
		738F5A0E25CED55B00E69A80 /* LaunchScreen.storyboard in Resources */ = {isa = PBXBuildFile; fileRef = 738F5A0C25CED55B00E69A80 /* LaunchScreen.storyboard */; };
		C4BE7AB3E3012FF139B7DA0C /* Pods_HM14_15_Realm.framework in Frameworks */ = {isa = PBXBuildFile; fileRef = 7E5B53C09B724B0CD80D57A6 /* Pods_HM14_15_Realm.framework */; };
/* End PBXBuildFile section */

/* Begin PBXFileReference section */
		11C80CDC8226112FF8DCF071 /* Pods-HM14_15_Realm.release.xcconfig */ = {isa = PBXFileReference; includeInIndex = 1; lastKnownFileType = text.xcconfig; name = "Pods-HM14_15_Realm.release.xcconfig"; path = "Target Support Files/Pods-HM14_15_Realm/Pods-HM14_15_Realm.release.xcconfig"; sourceTree = "<group>"; };
		7385F60D25CEDAA0006637D7 /* TasksTableViewController.swift */ = {isa = PBXFileReference; lastKnownFileType = sourcecode.swift; path = TasksTableViewController.swift; sourceTree = "<group>"; };
		7385F61125CEDDFA006637D7 /* Task.swift */ = {isa = PBXFileReference; lastKnownFileType = sourcecode.swift; path = Task.swift; sourceTree = "<group>"; };
		7385F61725CEE38B006637D7 /* StorageDBManager.swift */ = {isa = PBXFileReference; lastKnownFileType = sourcecode.swift; path = StorageDBManager.swift; sourceTree = "<group>"; };
		7385F61B25CEEF25006637D7 /* SubtasksTableViewController.swift */ = {isa = PBXFileReference; lastKnownFileType = sourcecode.swift; path = SubtasksTableViewController.swift; sourceTree = "<group>"; };
		738F59FE25CED55A00E69A80 /* HM14_15_Realm.app */ = {isa = PBXFileReference; explicitFileType = wrapper.application; includeInIndex = 0; path = HM14_15_Realm.app; sourceTree = BUILT_PRODUCTS_DIR; };
		738F5A0125CED55A00E69A80 /* AppDelegate.swift */ = {isa = PBXFileReference; lastKnownFileType = sourcecode.swift; path = AppDelegate.swift; sourceTree = "<group>"; };
		738F5A0325CED55A00E69A80 /* SceneDelegate.swift */ = {isa = PBXFileReference; lastKnownFileType = sourcecode.swift; path = SceneDelegate.swift; sourceTree = "<group>"; };
		738F5A0825CED55A00E69A80 /* Base */ = {isa = PBXFileReference; lastKnownFileType = file.storyboard; name = Base; path = Base.lproj/Main.storyboard; sourceTree = "<group>"; };
		738F5A0A25CED55B00E69A80 /* Assets.xcassets */ = {isa = PBXFileReference; lastKnownFileType = folder.assetcatalog; path = Assets.xcassets; sourceTree = "<group>"; };
		738F5A0D25CED55B00E69A80 /* Base */ = {isa = PBXFileReference; lastKnownFileType = file.storyboard; name = Base; path = Base.lproj/LaunchScreen.storyboard; sourceTree = "<group>"; };
		738F5A0F25CED55B00E69A80 /* Info.plist */ = {isa = PBXFileReference; lastKnownFileType = text.plist.xml; path = Info.plist; sourceTree = "<group>"; };
		7E5B53C09B724B0CD80D57A6 /* Pods_HM14_15_Realm.framework */ = {isa = PBXFileReference; explicitFileType = wrapper.framework; includeInIndex = 0; path = Pods_HM14_15_Realm.framework; sourceTree = BUILT_PRODUCTS_DIR; };
		F1B79C55F3BF531E37C34F39 /* Pods-HM14_15_Realm.debug.xcconfig */ = {isa = PBXFileReference; includeInIndex = 1; lastKnownFileType = text.xcconfig; name = "Pods-HM14_15_Realm.debug.xcconfig"; path = "Target Support Files/Pods-HM14_15_Realm/Pods-HM14_15_Realm.debug.xcconfig"; sourceTree = "<group>"; };
/* End PBXFileReference section */

/* Begin PBXFrameworksBuildPhase section */
		738F59FB25CED55A00E69A80 /* Frameworks */ = {
			isa = PBXFrameworksBuildPhase;
			buildActionMask = 2147483647;
			files = (
				C4BE7AB3E3012FF139B7DA0C /* Pods_HM14_15_Realm.framework in Frameworks */,
			);
			runOnlyForDeploymentPostprocessing = 0;
		};
/* End PBXFrameworksBuildPhase section */

/* Begin PBXGroup section */
		2CC8545833E70DE8D8C4E11D /* Pods */ = {
			isa = PBXGroup;
			children = (
				F1B79C55F3BF531E37C34F39 /* Pods-HM14_15_Realm.debug.xcconfig */,
				11C80CDC8226112FF8DCF071 /* Pods-HM14_15_Realm.release.xcconfig */,
			);
			path = Pods;
			sourceTree = "<group>";
		};
		732E0DBE25CED6AA009EA8B3 /* Supporting files */ = {
			isa = PBXGroup;
			children = (
				738F5A0125CED55A00E69A80 /* AppDelegate.swift */,
				738F5A0325CED55A00E69A80 /* SceneDelegate.swift */,
				738F5A0A25CED55B00E69A80 /* Assets.xcassets */,
				738F5A0F25CED55B00E69A80 /* Info.plist */,
			);
			path = "Supporting files";
			sourceTree = "<group>";
		};
		732E0DC125CED6B5009EA8B3 /* View Controllers */ = {
			isa = PBXGroup;
			children = (
				7385F60D25CEDAA0006637D7 /* TasksTableViewController.swift */,
				7385F61B25CEEF25006637D7 /* SubtasksTableViewController.swift */,
			);
			path = "View Controllers";
			sourceTree = "<group>";
		};
		732E0DC425CED6C8009EA8B3 /* Storyboards */ = {
			isa = PBXGroup;
			children = (
				738F5A0725CED55A00E69A80 /* Main.storyboard */,
				738F5A0C25CED55B00E69A80 /* LaunchScreen.storyboard */,
			);
			path = Storyboards;
			sourceTree = "<group>";
		};
		7385F61425CEDDFD006637D7 /* Modal */ = {
			isa = PBXGroup;
			children = (
				7385F61125CEDDFA006637D7 /* Task.swift */,
			);
			path = Modal;
			sourceTree = "<group>";
		};
		738F59F525CED55A00E69A80 = {
			isa = PBXGroup;
			children = (
				738F5A0025CED55A00E69A80 /* HM14_15_Realm */,
				738F59FF25CED55A00E69A80 /* Products */,
				2CC8545833E70DE8D8C4E11D /* Pods */,
				D917200DE5B9D4C4EAA98B63 /* Frameworks */,
			);
			sourceTree = "<group>";
		};
		738F59FF25CED55A00E69A80 /* Products */ = {
			isa = PBXGroup;
			children = (
				738F59FE25CED55A00E69A80 /* HM14_15_Realm.app */,
			);
			name = Products;
			sourceTree = "<group>";
		};
		738F5A0025CED55A00E69A80 /* HM14_15_Realm */ = {
			isa = PBXGroup;
			children = (
				732E0DBE25CED6AA009EA8B3 /* Supporting files */,
				732E0DC125CED6B5009EA8B3 /* View Controllers */,
				732E0DC425CED6C8009EA8B3 /* Storyboards */,
				7385F61425CEDDFD006637D7 /* Modal */,
				7385F61725CEE38B006637D7 /* StorageDBManager.swift */,
			);
			path = HM14_15_Realm;
			sourceTree = "<group>";
		};
		D917200DE5B9D4C4EAA98B63 /* Frameworks */ = {
			isa = PBXGroup;
			children = (
				7E5B53C09B724B0CD80D57A6 /* Pods_HM14_15_Realm.framework */,
			);
			name = Frameworks;
			sourceTree = "<group>";
		};
/* End PBXGroup section */

/* Begin PBXNativeTarget section */
		738F59FD25CED55A00E69A80 /* HM14_15_Realm */ = {
			isa = PBXNativeTarget;
			buildConfigurationList = 738F5A1225CED55B00E69A80 /* Build configuration list for PBXNativeTarget "HM14_15_Realm" */;
			buildPhases = (
				5E7C11F75C50E2BA8CA88BF7 /* [CP] Check Pods Manifest.lock */,
				738F59FA25CED55A00E69A80 /* Sources */,
				738F59FB25CED55A00E69A80 /* Frameworks */,
				738F59FC25CED55A00E69A80 /* Resources */,
				80995965249E54D44D3A2CEE /* [CP] Embed Pods Frameworks */,
			);
			buildRules = (
			);
			dependencies = (
			);
			name = HM14_15_Realm;
			productName = HM14_15_Realm;
			productReference = 738F59FE25CED55A00E69A80 /* HM14_15_Realm.app */;
			productType = "com.apple.product-type.application";
		};
/* End PBXNativeTarget section */

/* Begin PBXProject section */
		738F59F625CED55A00E69A80 /* Project object */ = {
			isa = PBXProject;
			attributes = {
				LastSwiftUpdateCheck = 1240;
				LastUpgradeCheck = 1240;
				TargetAttributes = {
					738F59FD25CED55A00E69A80 = {
						CreatedOnToolsVersion = 12.4;
					};
				};
			};
			buildConfigurationList = 738F59F925CED55A00E69A80 /* Build configuration list for PBXProject "HM14_15_Realm" */;
			compatibilityVersion = "Xcode 9.3";
			developmentRegion = en;
			hasScannedForEncodings = 0;
			knownRegions = (
				en,
				Base,
			);
			mainGroup = 738F59F525CED55A00E69A80;
			productRefGroup = 738F59FF25CED55A00E69A80 /* Products */;
			projectDirPath = "";
			projectRoot = "";
			targets = (
				738F59FD25CED55A00E69A80 /* HM14_15_Realm */,
			);
		};
/* End PBXProject section */

/* Begin PBXResourcesBuildPhase section */
		738F59FC25CED55A00E69A80 /* Resources */ = {
			isa = PBXResourcesBuildPhase;
			buildActionMask = 2147483647;
			files = (
				738F5A0E25CED55B00E69A80 /* LaunchScreen.storyboard in Resources */,
				738F5A0B25CED55B00E69A80 /* Assets.xcassets in Resources */,
				738F5A0925CED55A00E69A80 /* Main.storyboard in Resources */,
			);
			runOnlyForDeploymentPostprocessing = 0;
		};
/* End PBXResourcesBuildPhase section */

/* Begin PBXShellScriptBuildPhase section */
		5E7C11F75C50E2BA8CA88BF7 /* [CP] Check Pods Manifest.lock */ = {
			isa = PBXShellScriptBuildPhase;
			buildActionMask = 2147483647;
			files = (
			);
			inputFileListPaths = (
			);
			inputPaths = (
				"${PODS_PODFILE_DIR_PATH}/Podfile.lock",
				"${PODS_ROOT}/Manifest.lock",
			);
			name = "[CP] Check Pods Manifest.lock";
			outputFileListPaths = (
			);
			outputPaths = (
				"$(DERIVED_FILE_DIR)/Pods-HM14_15_Realm-checkManifestLockResult.txt",
			);
			runOnlyForDeploymentPostprocessing = 0;
			shellPath = /bin/sh;
			shellScript = "diff \"${PODS_PODFILE_DIR_PATH}/Podfile.lock\" \"${PODS_ROOT}/Manifest.lock\" > /dev/null\nif [ $? != 0 ] ; then\n    # print error to STDERR\n    echo \"error: The sandbox is not in sync with the Podfile.lock. Run 'pod install' or update your CocoaPods installation.\" >&2\n    exit 1\nfi\n# This output is used by Xcode 'outputs' to avoid re-running this script phase.\necho \"SUCCESS\" > \"${SCRIPT_OUTPUT_FILE_0}\"\n";
			showEnvVarsInLog = 0;
		};
		80995965249E54D44D3A2CEE /* [CP] Embed Pods Frameworks */ = {
			isa = PBXShellScriptBuildPhase;
			buildActionMask = 2147483647;
			files = (
			);
			inputFileListPaths = (
				"${PODS_ROOT}/Target Support Files/Pods-HM14_15_Realm/Pods-HM14_15_Realm-frameworks-${CONFIGURATION}-input-files.xcfilelist",
			);
			name = "[CP] Embed Pods Frameworks";
			outputFileListPaths = (
				"${PODS_ROOT}/Target Support Files/Pods-HM14_15_Realm/Pods-HM14_15_Realm-frameworks-${CONFIGURATION}-output-files.xcfilelist",
			);
			runOnlyForDeploymentPostprocessing = 0;
			shellPath = /bin/sh;
			shellScript = "\"${PODS_ROOT}/Target Support Files/Pods-HM14_15_Realm/Pods-HM14_15_Realm-frameworks.sh\"\n";
			showEnvVarsInLog = 0;
		};
/* End PBXShellScriptBuildPhase section */

/* Begin PBXSourcesBuildPhase section */
		738F59FA25CED55A00E69A80 /* Sources */ = {
			isa = PBXSourcesBuildPhase;
			buildActionMask = 2147483647;
			files = (
				7385F60E25CEDAA0006637D7 /* TasksTableViewController.swift in Sources */,
				7385F61C25CEEF25006637D7 /* SubtasksTableViewController.swift in Sources */,
				738F5A0225CED55A00E69A80 /* AppDelegate.swift in Sources */,
				7385F61825CEE38B006637D7 /* StorageDBManager.swift in Sources */,
				7385F61225CEDDFA006637D7 /* Task.swift in Sources */,
				738F5A0425CED55A00E69A80 /* SceneDelegate.swift in Sources */,
			);
			runOnlyForDeploymentPostprocessing = 0;
		};
/* End PBXSourcesBuildPhase section */

/* Begin PBXVariantGroup section */
		738F5A0725CED55A00E69A80 /* Main.storyboard */ = {
			isa = PBXVariantGroup;
			children = (
				738F5A0825CED55A00E69A80 /* Base */,
			);
			name = Main.storyboard;
			sourceTree = "<group>";
		};
		738F5A0C25CED55B00E69A80 /* LaunchScreen.storyboard */ = {
			isa = PBXVariantGroup;
			children = (
				738F5A0D25CED55B00E69A80 /* Base */,
			);
			name = LaunchScreen.storyboard;
			sourceTree = "<group>";
		};
/* End PBXVariantGroup section */

/* Begin XCBuildConfiguration section */
		738F5A1025CED55B00E69A80 /* Debug */ = {
			isa = XCBuildConfiguration;
			buildSettings = {
				ALWAYS_SEARCH_USER_PATHS = NO;
				CLANG_ANALYZER_NONNULL = YES;
				CLANG_ANALYZER_NUMBER_OBJECT_CONVERSION = YES_AGGRESSIVE;
				CLANG_CXX_LANGUAGE_STANDARD = "gnu++14";
				CLANG_CXX_LIBRARY = "libc++";
				CLANG_ENABLE_MODULES = YES;
				CLANG_ENABLE_OBJC_ARC = YES;
				CLANG_ENABLE_OBJC_WEAK = YES;
				CLANG_WARN_BLOCK_CAPTURE_AUTORELEASING = YES;
				CLANG_WARN_BOOL_CONVERSION = YES;
				CLANG_WARN_COMMA = YES;
				CLANG_WARN_CONSTANT_CONVERSION = YES;
				CLANG_WARN_DEPRECATED_OBJC_IMPLEMENTATIONS = YES;
				CLANG_WARN_DIRECT_OBJC_ISA_USAGE = YES_ERROR;
				CLANG_WARN_DOCUMENTATION_COMMENTS = YES;
				CLANG_WARN_EMPTY_BODY = YES;
				CLANG_WARN_ENUM_CONVERSION = YES;
				CLANG_WARN_INFINITE_RECURSION = YES;
				CLANG_WARN_INT_CONVERSION = YES;
				CLANG_WARN_NON_LITERAL_NULL_CONVERSION = YES;
				CLANG_WARN_OBJC_IMPLICIT_RETAIN_SELF = YES;
				CLANG_WARN_OBJC_LITERAL_CONVERSION = YES;
				CLANG_WARN_OBJC_ROOT_CLASS = YES_ERROR;
				CLANG_WARN_QUOTED_INCLUDE_IN_FRAMEWORK_HEADER = YES;
				CLANG_WARN_RANGE_LOOP_ANALYSIS = YES;
				CLANG_WARN_STRICT_PROTOTYPES = YES;
				CLANG_WARN_SUSPICIOUS_MOVE = YES;
				CLANG_WARN_UNGUARDED_AVAILABILITY = YES_AGGRESSIVE;
				CLANG_WARN_UNREACHABLE_CODE = YES;
				CLANG_WARN__DUPLICATE_METHOD_MATCH = YES;
				COPY_PHASE_STRIP = NO;
				DEBUG_INFORMATION_FORMAT = dwarf;
				ENABLE_STRICT_OBJC_MSGSEND = YES;
				ENABLE_TESTABILITY = YES;
				GCC_C_LANGUAGE_STANDARD = gnu11;
				GCC_DYNAMIC_NO_PIC = NO;
				GCC_NO_COMMON_BLOCKS = YES;
				GCC_OPTIMIZATION_LEVEL = 0;
				GCC_PREPROCESSOR_DEFINITIONS = (
					"DEBUG=1",
					"$(inherited)",
				);
				GCC_WARN_64_TO_32_BIT_CONVERSION = YES;
				GCC_WARN_ABOUT_RETURN_TYPE = YES_ERROR;
				GCC_WARN_UNDECLARED_SELECTOR = YES;
				GCC_WARN_UNINITIALIZED_AUTOS = YES_AGGRESSIVE;
				GCC_WARN_UNUSED_FUNCTION = YES;
				GCC_WARN_UNUSED_VARIABLE = YES;
				IPHONEOS_DEPLOYMENT_TARGET = 14.4;
				MTL_ENABLE_DEBUG_INFO = INCLUDE_SOURCE;
				MTL_FAST_MATH = YES;
				ONLY_ACTIVE_ARCH = YES;
				SDKROOT = iphoneos;
				SWIFT_ACTIVE_COMPILATION_CONDITIONS = DEBUG;
				SWIFT_OPTIMIZATION_LEVEL = "-Onone";
			};
			name = Debug;
		};
		738F5A1125CED55B00E69A80 /* Release */ = {
			isa = XCBuildConfiguration;
			buildSettings = {
				ALWAYS_SEARCH_USER_PATHS = NO;
				CLANG_ANALYZER_NONNULL = YES;
				CLANG_ANALYZER_NUMBER_OBJECT_CONVERSION = YES_AGGRESSIVE;
				CLANG_CXX_LANGUAGE_STANDARD = "gnu++14";
				CLANG_CXX_LIBRARY = "libc++";
				CLANG_ENABLE_MODULES = YES;
				CLANG_ENABLE_OBJC_ARC = YES;
				CLANG_ENABLE_OBJC_WEAK = YES;
				CLANG_WARN_BLOCK_CAPTURE_AUTORELEASING = YES;
				CLANG_WARN_BOOL_CONVERSION = YES;
				CLANG_WARN_COMMA = YES;
				CLANG_WARN_CONSTANT_CONVERSION = YES;
				CLANG_WARN_DEPRECATED_OBJC_IMPLEMENTATIONS = YES;
				CLANG_WARN_DIRECT_OBJC_ISA_USAGE = YES_ERROR;
				CLANG_WARN_DOCUMENTATION_COMMENTS = YES;
				CLANG_WARN_EMPTY_BODY = YES;
				CLANG_WARN_ENUM_CONVERSION = YES;
				CLANG_WARN_INFINITE_RECURSION = YES;
				CLANG_WARN_INT_CONVERSION = YES;
				CLANG_WARN_NON_LITERAL_NULL_CONVERSION = YES;
				CLANG_WARN_OBJC_IMPLICIT_RETAIN_SELF = YES;
				CLANG_WARN_OBJC_LITERAL_CONVERSION = YES;
				CLANG_WARN_OBJC_ROOT_CLASS = YES_ERROR;
				CLANG_WARN_QUOTED_INCLUDE_IN_FRAMEWORK_HEADER = YES;
				CLANG_WARN_RANGE_LOOP_ANALYSIS = YES;
				CLANG_WARN_STRICT_PROTOTYPES = YES;
				CLANG_WARN_SUSPICIOUS_MOVE = YES;
				CLANG_WARN_UNGUARDED_AVAILABILITY = YES_AGGRESSIVE;
				CLANG_WARN_UNREACHABLE_CODE = YES;
				CLANG_WARN__DUPLICATE_METHOD_MATCH = YES;
				COPY_PHASE_STRIP = NO;
				DEBUG_INFORMATION_FORMAT = "dwarf-with-dsym";
				ENABLE_NS_ASSERTIONS = NO;
				ENABLE_STRICT_OBJC_MSGSEND = YES;
				GCC_C_LANGUAGE_STANDARD = gnu11;
				GCC_NO_COMMON_BLOCKS = YES;
				GCC_WARN_64_TO_32_BIT_CONVERSION = YES;
				GCC_WARN_ABOUT_RETURN_TYPE = YES_ERROR;
				GCC_WARN_UNDECLARED_SELECTOR = YES;
				GCC_WARN_UNINITIALIZED_AUTOS = YES_AGGRESSIVE;
				GCC_WARN_UNUSED_FUNCTION = YES;
				GCC_WARN_UNUSED_VARIABLE = YES;
				IPHONEOS_DEPLOYMENT_TARGET = 14.4;
				MTL_ENABLE_DEBUG_INFO = NO;
				MTL_FAST_MATH = YES;
				SDKROOT = iphoneos;
				SWIFT_COMPILATION_MODE = wholemodule;
				SWIFT_OPTIMIZATION_LEVEL = "-O";
				VALIDATE_PRODUCT = YES;
			};
			name = Release;
		};
		738F5A1325CED55B00E69A80 /* Debug */ = {
			isa = XCBuildConfiguration;
			baseConfigurationReference = F1B79C55F3BF531E37C34F39 /* Pods-HM14_15_Realm.debug.xcconfig */;
			buildSettings = {
				ASSETCATALOG_COMPILER_APPICON_NAME = AppIcon;
				ASSETCATALOG_COMPILER_GLOBAL_ACCENT_COLOR_NAME = AccentColor;
				CODE_SIGN_STYLE = Automatic;
				DEVELOPMENT_TEAM = B2QTMYC792;
				INFOPLIST_FILE = "HM14_15_Realm/Supporting files/Info.plist";
				LD_RUNPATH_SEARCH_PATHS = (
					"$(inherited)",
					"@executable_path/Frameworks",
				);
				PRODUCT_BUNDLE_IDENTIFIER = "redbull76.HM14-15-Realm";
				PRODUCT_NAME = "$(TARGET_NAME)";
				SWIFT_VERSION = 5.0;
				TARGETED_DEVICE_FAMILY = 1;
			};
			name = Debug;
		};
		738F5A1425CED55B00E69A80 /* Release */ = {
			isa = XCBuildConfiguration;
			baseConfigurationReference = 11C80CDC8226112FF8DCF071 /* Pods-HM14_15_Realm.release.xcconfig */;
			buildSettings = {
				ASSETCATALOG_COMPILER_APPICON_NAME = AppIcon;
				ASSETCATALOG_COMPILER_GLOBAL_ACCENT_COLOR_NAME = AccentColor;
				CODE_SIGN_STYLE = Automatic;
				DEVELOPMENT_TEAM = B2QTMYC792;
				INFOPLIST_FILE = "HM14_15_Realm/Supporting files/Info.plist";
				LD_RUNPATH_SEARCH_PATHS = (
					"$(inherited)",
					"@executable_path/Frameworks",
				);
				PRODUCT_BUNDLE_IDENTIFIER = "redbull76.HM14-15-Realm";
				PRODUCT_NAME = "$(TARGET_NAME)";
				SWIFT_VERSION = 5.0;
				TARGETED_DEVICE_FAMILY = 1;
			};
			name = Release;
		};
/* End XCBuildConfiguration section */

/* Begin XCConfigurationList section */
		738F59F925CED55A00E69A80 /* Build configuration list for PBXProject "HM14_15_Realm" */ = {
			isa = XCConfigurationList;
			buildConfigurations = (
				738F5A1025CED55B00E69A80 /* Debug */,
				738F5A1125CED55B00E69A80 /* Release */,
			);
			defaultConfigurationIsVisible = 0;
			defaultConfigurationName = Release;
		};
		738F5A1225CED55B00E69A80 /* Build configuration list for PBXNativeTarget "HM14_15_Realm" */ = {
			isa = XCConfigurationList;
			buildConfigurations = (
				738F5A1325CED55B00E69A80 /* Debug */,
				738F5A1425CED55B00E69A80 /* Release */,
			);
			defaultConfigurationIsVisible = 0;
			defaultConfigurationName = Release;
		};
/* End XCConfigurationList section */
	};
	rootObject = 738F59F625CED55A00E69A80 /* Project object */;
}
